// !$*UTF8*$!
{
	archiveVersion = 1;
	classes = {
	};
	objectVersion = 51;
	objects = {

/* Begin PBXBuildFile section */
		2673AA56CAADE356DAF6FDBC /* Pods_petitui.framework in Frameworks */ = {isa = PBXBuildFile; fileRef = DAB0856964D13E32AA4DE743 /* Pods_petitui.framework */; };
		7F0802A723C8CE34008A640A /* AppDelegate.swift in Sources */ = {isa = PBXBuildFile; fileRef = 7F0802A623C8CE34008A640A /* AppDelegate.swift */; };
		7F0802A923C8CE34008A640A /* ViewController.swift in Sources */ = {isa = PBXBuildFile; fileRef = 7F0802A823C8CE34008A640A /* ViewController.swift */; };
		7F0802AC23C8CE34008A640A /* Main.storyboard in Resources */ = {isa = PBXBuildFile; fileRef = 7F0802AA23C8CE34008A640A /* Main.storyboard */; };
		7F0802AE23C8CE36008A640A /* Assets.xcassets in Resources */ = {isa = PBXBuildFile; fileRef = 7F0802AD23C8CE36008A640A /* Assets.xcassets */; };
		7F0802B123C8CE36008A640A /* LaunchScreen.storyboard in Resources */ = {isa = PBXBuildFile; fileRef = 7F0802AF23C8CE36008A640A /* LaunchScreen.storyboard */; };
		7F6CA52423C8DF22009ADC6F /* RegisterPageViewController.swift in Sources */ = {isa = PBXBuildFile; fileRef = 7F6CA52323C8DF22009ADC6F /* RegisterPageViewController.swift */; };
		7FA36E1123CCF80400D118F3 /* LoginPageViewController.swift in Sources */ = {isa = PBXBuildFile; fileRef = 7FA36E1023CCF80400D118F3 /* LoginPageViewController.swift */; };
		7FA36E1323CCFCEB00D118F3 /* Validator.swift in Sources */ = {isa = PBXBuildFile; fileRef = 7FA36E1223CCFCEB00D118F3 /* Validator.swift */; };
/* End PBXBuildFile section */

/* Begin PBXFileReference section */
		7A5E01D100176298EF883153 /* Pods-petitui.debug.xcconfig */ = {isa = PBXFileReference; includeInIndex = 1; lastKnownFileType = text.xcconfig; name = "Pods-petitui.debug.xcconfig"; path = "Target Support Files/Pods-petitui/Pods-petitui.debug.xcconfig"; sourceTree = "<group>"; };
		7F0802A323C8CE34008A640A /* petitui.app */ = {isa = PBXFileReference; explicitFileType = wrapper.application; includeInIndex = 0; path = petitui.app; sourceTree = BUILT_PRODUCTS_DIR; };
		7F0802A623C8CE34008A640A /* AppDelegate.swift */ = {isa = PBXFileReference; lastKnownFileType = sourcecode.swift; path = AppDelegate.swift; sourceTree = "<group>"; };
		7F0802A823C8CE34008A640A /* ViewController.swift */ = {isa = PBXFileReference; lastKnownFileType = sourcecode.swift; path = ViewController.swift; sourceTree = "<group>"; };
		7F0802AB23C8CE34008A640A /* Base */ = {isa = PBXFileReference; lastKnownFileType = file.storyboard; name = Base; path = Base.lproj/Main.storyboard; sourceTree = "<group>"; };
		7F0802AD23C8CE36008A640A /* Assets.xcassets */ = {isa = PBXFileReference; lastKnownFileType = folder.assetcatalog; path = Assets.xcassets; sourceTree = "<group>"; };
		7F0802B023C8CE36008A640A /* Base */ = {isa = PBXFileReference; lastKnownFileType = file.storyboard; name = Base; path = Base.lproj/LaunchScreen.storyboard; sourceTree = "<group>"; };
		7F0802B223C8CE36008A640A /* Info.plist */ = {isa = PBXFileReference; lastKnownFileType = text.plist.xml; path = Info.plist; sourceTree = "<group>"; };
		7F6CA52323C8DF22009ADC6F /* RegisterPageViewController.swift */ = {isa = PBXFileReference; lastKnownFileType = sourcecode.swift; path = RegisterPageViewController.swift; sourceTree = "<group>"; };
		7FA36E1023CCF80400D118F3 /* LoginPageViewController.swift */ = {isa = PBXFileReference; lastKnownFileType = sourcecode.swift; path = LoginPageViewController.swift; sourceTree = "<group>"; };
		7FA36E1223CCFCEB00D118F3 /* Validator.swift */ = {isa = PBXFileReference; lastKnownFileType = sourcecode.swift; path = Validator.swift; sourceTree = "<group>"; };
		AD0D0E9887C0B1E3EE5F11C2 /* Pods-petitui.release.xcconfig */ = {isa = PBXFileReference; includeInIndex = 1; lastKnownFileType = text.xcconfig; name = "Pods-petitui.release.xcconfig"; path = "Target Support Files/Pods-petitui/Pods-petitui.release.xcconfig"; sourceTree = "<group>"; };
		DAB0856964D13E32AA4DE743 /* Pods_petitui.framework */ = {isa = PBXFileReference; explicitFileType = wrapper.framework; includeInIndex = 0; path = Pods_petitui.framework; sourceTree = BUILT_PRODUCTS_DIR; };
/* End PBXFileReference section */

/* Begin PBXFrameworksBuildPhase section */
		7F0802A023C8CE34008A640A /* Frameworks */ = {
			isa = PBXFrameworksBuildPhase;
			buildActionMask = 2147483647;
			files = (
				2673AA56CAADE356DAF6FDBC /* Pods_petitui.framework in Frameworks */,
			);
			runOnlyForDeploymentPostprocessing = 0;
		};
/* End PBXFrameworksBuildPhase section */

/* Begin PBXGroup section */
		7F08029A23C8CE34008A640A = {
			isa = PBXGroup;
			children = (
				7F0802A523C8CE34008A640A /* petitui */,
				7F0802A423C8CE34008A640A /* Products */,
				8EABF15A8AC8CCBB4353937F /* Pods */,
				9F4EDFC6B220119044C4D5BC /* Frameworks */,
			);
			sourceTree = "<group>";
		};
		7F0802A423C8CE34008A640A /* Products */ = {
			isa = PBXGroup;
			children = (
				7F0802A323C8CE34008A640A /* petitui.app */,
			);
			name = Products;
			sourceTree = "<group>";
		};
		7F0802A523C8CE34008A640A /* petitui */ = {
			isa = PBXGroup;
			children = (
				7F0802A623C8CE34008A640A /* AppDelegate.swift */,
				7F0802A823C8CE34008A640A /* ViewController.swift */,
				7F0802AA23C8CE34008A640A /* Main.storyboard */,
				7F0802AD23C8CE36008A640A /* Assets.xcassets */,
				7F0802AF23C8CE36008A640A /* LaunchScreen.storyboard */,
				7F0802B223C8CE36008A640A /* Info.plist */,
				7F6CA52323C8DF22009ADC6F /* RegisterPageViewController.swift */,
				7FA36E1023CCF80400D118F3 /* LoginPageViewController.swift */,
				7FA36E1223CCFCEB00D118F3 /* Validator.swift */,
			);
			path = petitui;
			sourceTree = "<group>";
		};
		8EABF15A8AC8CCBB4353937F /* Pods */ = {
			isa = PBXGroup;
			children = (
				7A5E01D100176298EF883153 /* Pods-petitui.debug.xcconfig */,
				AD0D0E9887C0B1E3EE5F11C2 /* Pods-petitui.release.xcconfig */,
			);
			path = Pods;
			sourceTree = "<group>";
		};
		9F4EDFC6B220119044C4D5BC /* Frameworks */ = {
			isa = PBXGroup;
			children = (
				DAB0856964D13E32AA4DE743 /* Pods_petitui.framework */,
			);
			name = Frameworks;
			sourceTree = "<group>";
		};
/* End PBXGroup section */

/* Begin PBXNativeTarget section */
		7F0802A223C8CE34008A640A /* petitui */ = {
			isa = PBXNativeTarget;
			buildConfigurationList = 7F0802B523C8CE36008A640A /* Build configuration list for PBXNativeTarget "petitui" */;
			buildPhases = (
				6D6A42DF1F53D0F0CEEAF455 /* [CP] Check Pods Manifest.lock */,
				7F08029F23C8CE34008A640A /* Sources */,
				7F0802A023C8CE34008A640A /* Frameworks */,
				7F0802A123C8CE34008A640A /* Resources */,
				A0D978D4F7A8D3BBC8277A62 /* [CP] Embed Pods Frameworks */,
			);
			buildRules = (
			);
			dependencies = (
			);
			name = petitui;
			productName = petitui;
			productReference = 7F0802A323C8CE34008A640A /* petitui.app */;
			productType = "com.apple.product-type.application";
		};
/* End PBXNativeTarget section */

/* Begin PBXProject section */
		7F08029B23C8CE34008A640A /* Project object */ = {
			isa = PBXProject;
			attributes = {
				LastSwiftUpdateCheck = 1020;
				LastUpgradeCheck = 1020;
				ORGANIZATIONNAME = Sergio;
				TargetAttributes = {
					7F0802A223C8CE34008A640A = {
						CreatedOnToolsVersion = 10.2.1;
					};
				};
			};
			buildConfigurationList = 7F08029E23C8CE34008A640A /* Build configuration list for PBXProject "petitui" */;
			compatibilityVersion = "Xcode 9.3";
			developmentRegion = en;
			hasScannedForEncodings = 0;
			knownRegions = (
				en,
				Base,
			);
			mainGroup = 7F08029A23C8CE34008A640A;
			productRefGroup = 7F0802A423C8CE34008A640A /* Products */;
			projectDirPath = "";
			projectRoot = "";
			targets = (
				7F0802A223C8CE34008A640A /* petitui */,
			);
		};
/* End PBXProject section */

/* Begin PBXResourcesBuildPhase section */
		7F0802A123C8CE34008A640A /* Resources */ = {
			isa = PBXResourcesBuildPhase;
			buildActionMask = 2147483647;
			files = (
				7F0802B123C8CE36008A640A /* LaunchScreen.storyboard in Resources */,
				7F0802AE23C8CE36008A640A /* Assets.xcassets in Resources */,
				7F0802AC23C8CE34008A640A /* Main.storyboard in Resources */,
			);
			runOnlyForDeploymentPostprocessing = 0;
		};
/* End PBXResourcesBuildPhase section */

/* Begin PBXShellScriptBuildPhase section */
		6D6A42DF1F53D0F0CEEAF455 /* [CP] Check Pods Manifest.lock */ = {
			isa = PBXShellScriptBuildPhase;
			buildActionMask = 2147483647;
			files = (
			);
			inputFileListPaths = (
			);
			inputPaths = (
				"${PODS_PODFILE_DIR_PATH}/Podfile.lock",
				"${PODS_ROOT}/Manifest.lock",
			);
			name = "[CP] Check Pods Manifest.lock";
			outputFileListPaths = (
			);
			outputPaths = (
				"$(DERIVED_FILE_DIR)/Pods-petitui-checkManifestLockResult.txt",
			);
			runOnlyForDeploymentPostprocessing = 0;
			shellPath = /bin/sh;
			shellScript = "diff \"${PODS_PODFILE_DIR_PATH}/Podfile.lock\" \"${PODS_ROOT}/Manifest.lock\" > /dev/null\nif [ $? != 0 ] ; then\n    # print error to STDERR\n    echo \"error: The sandbox is not in sync with the Podfile.lock. Run 'pod install' or update your CocoaPods installation.\" >&2\n    exit 1\nfi\n# This output is used by Xcode 'outputs' to avoid re-running this script phase.\necho \"SUCCESS\" > \"${SCRIPT_OUTPUT_FILE_0}\"\n";
			showEnvVarsInLog = 0;
		};
		A0D978D4F7A8D3BBC8277A62 /* [CP] Embed Pods Frameworks */ = {
			isa = PBXShellScriptBuildPhase;
			buildActionMask = 2147483647;
			files = (
			);
			inputFileListPaths = (
				"${PODS_ROOT}/Target Support Files/Pods-petitui/Pods-petitui-frameworks-${CONFIGURATION}-input-files.xcfilelist",
			);
			name = "[CP] Embed Pods Frameworks";
			outputFileListPaths = (
				"${PODS_ROOT}/Target Support Files/Pods-petitui/Pods-petitui-frameworks-${CONFIGURATION}-output-files.xcfilelist",
			);
			runOnlyForDeploymentPostprocessing = 0;
			shellPath = /bin/sh;
			shellScript = "\"${PODS_ROOT}/Target Support Files/Pods-petitui/Pods-petitui-frameworks.sh\"\n";
			showEnvVarsInLog = 0;
		};
/* End PBXShellScriptBuildPhase section */

/* Begin PBXSourcesBuildPhase section */
		7F08029F23C8CE34008A640A /* Sources */ = {
			isa = PBXSourcesBuildPhase;
			buildActionMask = 2147483647;
			files = (
				7F6CA52423C8DF22009ADC6F /* RegisterPageViewController.swift in Sources */,
				7F0802A923C8CE34008A640A /* ViewController.swift in Sources */,
				7FA36E1123CCF80400D118F3 /* LoginPageViewController.swift in Sources */,
				7FA36E1323CCFCEB00D118F3 /* Validator.swift in Sources */,
				7F0802A723C8CE34008A640A /* AppDelegate.swift in Sources */,
			);
			runOnlyForDeploymentPostprocessing = 0;
		};
/* End PBXSourcesBuildPhase section */

/* Begin PBXVariantGroup section */
		7F0802AA23C8CE34008A640A /* Main.storyboard */ = {
			isa = PBXVariantGroup;
			children = (
				7F0802AB23C8CE34008A640A /* Base */,
			);
			name = Main.storyboard;
			sourceTree = "<group>";
		};
		7F0802AF23C8CE36008A640A /* LaunchScreen.storyboard */ = {
			isa = PBXVariantGroup;
			children = (
				7F0802B023C8CE36008A640A /* Base */,
			);
			name = LaunchScreen.storyboard;
			sourceTree = "<group>";
		};
/* End PBXVariantGroup section */

/* Begin XCBuildConfiguration section */
		7F0802B323C8CE36008A640A /* Debug */ = {
			isa = XCBuildConfiguration;
			buildSettings = {
				ALWAYS_SEARCH_USER_PATHS = NO;
				CLANG_ANALYZER_NONNULL = YES;
				CLANG_ANALYZER_NUMBER_OBJECT_CONVERSION = YES_AGGRESSIVE;
				CLANG_CXX_LANGUAGE_STANDARD = "gnu++14";
				CLANG_CXX_LIBRARY = "libc++";
				CLANG_ENABLE_MODULES = YES;
				CLANG_ENABLE_OBJC_ARC = YES;
				CLANG_ENABLE_OBJC_WEAK = YES;
				CLANG_WARN_BLOCK_CAPTURE_AUTORELEASING = YES;
				CLANG_WARN_BOOL_CONVERSION = YES;
				CLANG_WARN_COMMA = YES;
				CLANG_WARN_CONSTANT_CONVERSION = YES;
				CLANG_WARN_DEPRECATED_OBJC_IMPLEMENTATIONS = YES;
				CLANG_WARN_DIRECT_OBJC_ISA_USAGE = YES_ERROR;
				CLANG_WARN_DOCUMENTATION_COMMENTS = YES;
				CLANG_WARN_EMPTY_BODY = YES;
				CLANG_WARN_ENUM_CONVERSION = YES;
				CLANG_WARN_INFINITE_RECURSION = YES;
				CLANG_WARN_INT_CONVERSION = YES;
				CLANG_WARN_NON_LITERAL_NULL_CONVERSION = YES;
				CLANG_WARN_OBJC_IMPLICIT_RETAIN_SELF = YES;
				CLANG_WARN_OBJC_LITERAL_CONVERSION = YES;
				CLANG_WARN_OBJC_ROOT_CLASS = YES_ERROR;
				CLANG_WARN_RANGE_LOOP_ANALYSIS = YES;
				CLANG_WARN_STRICT_PROTOTYPES = YES;
				CLANG_WARN_SUSPICIOUS_MOVE = YES;
				CLANG_WARN_UNGUARDED_AVAILABILITY = YES_AGGRESSIVE;
				CLANG_WARN_UNREACHABLE_CODE = YES;
				CLANG_WARN__DUPLICATE_METHOD_MATCH = YES;
				CODE_SIGN_IDENTITY = "iPhone Developer";
				COPY_PHASE_STRIP = NO;
				DEBUG_INFORMATION_FORMAT = dwarf;
				ENABLE_STRICT_OBJC_MSGSEND = YES;
				ENABLE_TESTABILITY = YES;
				GCC_C_LANGUAGE_STANDARD = gnu11;
				GCC_DYNAMIC_NO_PIC = NO;
				GCC_NO_COMMON_BLOCKS = YES;
				GCC_OPTIMIZATION_LEVEL = 0;
				GCC_PREPROCESSOR_DEFINITIONS = (
					"DEBUG=1",
					"$(inherited)",
				);
				GCC_WARN_64_TO_32_BIT_CONVERSION = YES;
				GCC_WARN_ABOUT_RETURN_TYPE = YES_ERROR;
				GCC_WARN_UNDECLARED_SELECTOR = YES;
				GCC_WARN_UNINITIALIZED_AUTOS = YES_AGGRESSIVE;
				GCC_WARN_UNUSED_FUNCTION = YES;
				GCC_WARN_UNUSED_VARIABLE = YES;
				IPHONEOS_DEPLOYMENT_TARGET = 12.2;
				MTL_ENABLE_DEBUG_INFO = INCLUDE_SOURCE;
				MTL_FAST_MATH = YES;
				ONLY_ACTIVE_ARCH = YES;
				SDKROOT = iphoneos;
				SWIFT_ACTIVE_COMPILATION_CONDITIONS = DEBUG;
				SWIFT_OPTIMIZATION_LEVEL = "-Onone";
			};
			name = Debug;
		};
		7F0802B423C8CE36008A640A /* Release */ = {
			isa = XCBuildConfiguration;
			buildSettings = {
				ALWAYS_SEARCH_USER_PATHS = NO;
				CLANG_ANALYZER_NONNULL = YES;
				CLANG_ANALYZER_NUMBER_OBJECT_CONVERSION = YES_AGGRESSIVE;
				CLANG_CXX_LANGUAGE_STANDARD = "gnu++14";
				CLANG_CXX_LIBRARY = "libc++";
				CLANG_ENABLE_MODULES = YES;
				CLANG_ENABLE_OBJC_ARC = YES;
				CLANG_ENABLE_OBJC_WEAK = YES;
				CLANG_WARN_BLOCK_CAPTURE_AUTORELEASING = YES;
				CLANG_WARN_BOOL_CONVERSION = YES;
				CLANG_WARN_COMMA = YES;
				CLANG_WARN_CONSTANT_CONVERSION = YES;
				CLANG_WARN_DEPRECATED_OBJC_IMPLEMENTATIONS = YES;
				CLANG_WARN_DIRECT_OBJC_ISA_USAGE = YES_ERROR;
				CLANG_WARN_DOCUMENTATION_COMMENTS = YES;
				CLANG_WARN_EMPTY_BODY = YES;
				CLANG_WARN_ENUM_CONVERSION = YES;
				CLANG_WARN_INFINITE_RECURSION = YES;
				CLANG_WARN_INT_CONVERSION = YES;
				CLANG_WARN_NON_LITERAL_NULL_CONVERSION = YES;
				CLANG_WARN_OBJC_IMPLICIT_RETAIN_SELF = YES;
				CLANG_WARN_OBJC_LITERAL_CONVERSION = YES;
				CLANG_WARN_OBJC_ROOT_CLASS = YES_ERROR;
				CLANG_WARN_RANGE_LOOP_ANALYSIS = YES;
				CLANG_WARN_STRICT_PROTOTYPES = YES;
				CLANG_WARN_SUSPICIOUS_MOVE = YES;
				CLANG_WARN_UNGUARDED_AVAILABILITY = YES_AGGRESSIVE;
				CLANG_WARN_UNREACHABLE_CODE = YES;
				CLANG_WARN__DUPLICATE_METHOD_MATCH = YES;
				CODE_SIGN_IDENTITY = "iPhone Developer";
				COPY_PHASE_STRIP = NO;
				DEBUG_INFORMATION_FORMAT = "dwarf-with-dsym";
				ENABLE_NS_ASSERTIONS = NO;
				ENABLE_STRICT_OBJC_MSGSEND = YES;
				GCC_C_LANGUAGE_STANDARD = gnu11;
				GCC_NO_COMMON_BLOCKS = YES;
				GCC_WARN_64_TO_32_BIT_CONVERSION = YES;
				GCC_WARN_ABOUT_RETURN_TYPE = YES_ERROR;
				GCC_WARN_UNDECLARED_SELECTOR = YES;
				GCC_WARN_UNINITIALIZED_AUTOS = YES_AGGRESSIVE;
				GCC_WARN_UNUSED_FUNCTION = YES;
				GCC_WARN_UNUSED_VARIABLE = YES;
				IPHONEOS_DEPLOYMENT_TARGET = 12.2;
				MTL_ENABLE_DEBUG_INFO = NO;
				MTL_FAST_MATH = YES;
				SDKROOT = iphoneos;
				SWIFT_COMPILATION_MODE = wholemodule;
				SWIFT_OPTIMIZATION_LEVEL = "-O";
				VALIDATE_PRODUCT = YES;
			};
			name = Release;
		};
		7F0802B623C8CE36008A640A /* Debug */ = {
			isa = XCBuildConfiguration;
			baseConfigurationReference = 7A5E01D100176298EF883153 /* Pods-petitui.debug.xcconfig */;
			buildSettings = {
				ASSETCATALOG_COMPILER_APPICON_NAME = AppIcon;
				CODE_SIGN_STYLE = Automatic;
				INFOPLIST_FILE = petitui/Info.plist;
				LD_RUNPATH_SEARCH_PATHS = (
					"$(inherited)",
					"@executable_path/Frameworks",
				);
				PRODUCT_BUNDLE_IDENTIFIER = Sergio.petitui;
				PRODUCT_NAME = "$(TARGET_NAME)";
				SWIFT_VERSION = 5.0;
				TARGETED_DEVICE_FAMILY = "1,2";
			};
			name = Debug;
		};
		7F0802B723C8CE36008A640A /* Release */ = {
			isa = XCBuildConfiguration;
			baseConfigurationReference = AD0D0E9887C0B1E3EE5F11C2 /* Pods-petitui.release.xcconfig */;
			buildSettings = {
				ASSETCATALOG_COMPILER_APPICON_NAME = AppIcon;
				CODE_SIGN_STYLE = Automatic;
				INFOPLIST_FILE = petitui/Info.plist;
				LD_RUNPATH_SEARCH_PATHS = (
					"$(inherited)",
					"@executable_path/Frameworks",
				);
				PRODUCT_BUNDLE_IDENTIFIER = Sergio.petitui;
				PRODUCT_NAME = "$(TARGET_NAME)";
				SWIFT_VERSION = 5.0;
				TARGETED_DEVICE_FAMILY = "1,2";
			};
			name = Release;
		};
/* End XCBuildConfiguration section */

/* Begin XCConfigurationList section */
		7F08029E23C8CE34008A640A /* Build configuration list for PBXProject "petitui" */ = {
			isa = XCConfigurationList;
			buildConfigurations = (
				7F0802B323C8CE36008A640A /* Debug */,
				7F0802B423C8CE36008A640A /* Release */,
			);
			defaultConfigurationIsVisible = 0;
			defaultConfigurationName = Release;
		};
		7F0802B523C8CE36008A640A /* Build configuration list for PBXNativeTarget "petitui" */ = {
			isa = XCConfigurationList;
			buildConfigurations = (
				7F0802B623C8CE36008A640A /* Debug */,
				7F0802B723C8CE36008A640A /* Release */,
			);
			defaultConfigurationIsVisible = 0;
			defaultConfigurationName = Release;
		};
/* End XCConfigurationList section */
	};
	rootObject = 7F08029B23C8CE34008A640A /* Project object */;
}
